<?xml version="1.0" encoding="utf-8"?>
<Project ToolsVersion="4.0" xmlns="http://schemas.microsoft.com/developer/msbuild/2003">
  <ItemGroup>
    <FxCompile Include="Resource\shaders\DepthPS.hlsl" />
    <FxCompile Include="Resource\shaders\DepthVS.hlsl" />
    <FxCompile Include="Resource\shaders\FBXPS.hlsl" />
    <FxCompile Include="Resource\shaders\FBXVS.hlsl" />
    <FxCompile Include="Resource\shaders\GaussianPS.hlsl" />
    <FxCompile Include="Resource\shaders\GaussianVS.hlsl" />
    <FxCompile Include="Resource\shaders\monochromePS.hlsl" />
    <FxCompile Include="Resource\shaders\monochromeVS.hlsl" />
    <FxCompile Include="Resource\shaders\mosaicPS.hlsl" />
    <FxCompile Include="Resource\shaders\mosaicVS.hlsl" />
    <FxCompile Include="Resource\shaders\negapoziPS.hlsl" />
    <FxCompile Include="Resource\shaders\negapoziVS.hlsl" />
    <FxCompile Include="Resource\shaders\noizePS.hlsl" />
    <FxCompile Include="Resource\shaders\noizeVS.hlsl" />
    <FxCompile Include="Resource\shaders\scanNoisePS.hlsl" />
    <FxCompile Include="Resource\shaders\scanNoiseVS.hlsl" />
    <FxCompile Include="Resource\shaders\OBJPixelShader.hlsl" />
    <FxCompile Include="Resource\shaders\OBJPS_Light.hlsl" />
    <FxCompile Include="Resource\shaders\OBJVertexShader.hlsl" />
    <FxCompile Include="Resource\shaders\OBJVS_Light.hlsl" />
    <FxCompile Include="Resource\shaders\ParticleGS.hlsl" />
    <FxCompile Include="Resource\shaders\ParticlePS.hlsl" />
    <FxCompile Include="Resource\shaders\ParticleVS.hlsl" />
    <FxCompile Include="Resource\shaders\PixelShader.hlsl" />
    <FxCompile Include="Resource\shaders\PostEffectPS.hlsl" />
    <FxCompile Include="Resource\shaders\PostEffectVS.hlsl" />
    <FxCompile Include="Resource\shaders\RGBShiftPS.hlsl" />
    <FxCompile Include="Resource\shaders\RGBShiftVS.hlsl" />
    <FxCompile Include="Resource\shaders\sepiaPS.hlsl" />
    <FxCompile Include="Resource\shaders\sepiaVS.hlsl" />
    <FxCompile Include="Resource\shaders\SpritePS.hlsl" />
    <FxCompile Include="Resource\shaders\SpriteVS.hlsl" />
    <FxCompile Include="Resource\shaders\ToonPS.hlsl" />
    <FxCompile Include="Resource\shaders\ToonVS.hlsl" />
    <FxCompile Include="Resource\shaders\VertexShader.hlsl" />
    <FxCompile Include="Resource\shaders\VignettePS.hlsl" />
    <FxCompile Include="Resource\shaders\VignetteVS.hlsl" />
    <FxCompile Include="Resource\shaders\WhiteNoizePS.hlsl" />
    <FxCompile Include="Resource\shaders\WhiteNoizeVS.hlsl" />
    <FxCompile Include="Resource\shaders\bloomPS.hlsl">
      <Filter>hlsl</Filter>
    </FxCompile>
    <FxCompile Include="Resource\shaders\BloomVS.hlsl">
      <Filter>hlsl</Filter>
    </FxCompile>
  </ItemGroup>
  <ItemGroup>
    <ClCompile Include="Audio.cpp" />
    <ClCompile Include="Camera.cpp" />
    <ClCompile Include="Clear.cpp" />
    <ClCompile Include="Collision.cpp" />
    <ClCompile Include="CollisionPrimitive.cpp" />
    <ClCompile Include="DebugCamera.cpp" />
    <ClCompile Include="DebugText.cpp" />
    <ClCompile Include="DirectXCommon.cpp" />
    <ClCompile Include="Easing.cpp" />
    <ClCompile Include="EffecseerInput.cpp" />
    <ClCompile Include="Effects.cpp" />
    <ClCompile Include="Enemy.cpp" />
    <ClCompile Include="FbxLoader.cpp" />
    <ClCompile Include="FbxModel.cpp" />
    <ClCompile Include="FbxObject3d.cpp" />
    <ClCompile Include="GameScene.cpp" />
    <ClCompile Include="Input.cpp" />
    <ClCompile Include="Light.cpp" />
    <ClCompile Include="main.cpp" />
    <ClCompile Include="Object3dModel.cpp" />
    <ClCompile Include="Object3d.cpp" />
    <ClCompile Include="Over.cpp" />
    <ClCompile Include="ParticleManager.cpp" />
    <ClCompile Include="Player.cpp" />
    <ClCompile Include="PlayerBullet.cpp" />
    <ClCompile Include="PostEffect.cpp" />
    <ClCompile Include="SceneManegar.cpp" />
    <ClCompile Include="Skill.cpp" />
    <ClCompile Include="SphereCollider.cpp" />
    <ClCompile Include="Sprite.cpp" />
    <ClCompile Include="Sword.cpp" />
    <ClCompile Include="Title.cpp" />
    <ClCompile Include="WinApp.cpp" />
  </ItemGroup>
  <ItemGroup>
    <ClInclude Include="Audio.h" />
    <ClInclude Include="BaseCollider.h" />
    <ClInclude Include="Camera.h" />
    <ClInclude Include="Clear.h" />
    <ClInclude Include="Collision.h" />
    <ClInclude Include="CollisionInfo.h" />
    <ClInclude Include="CollisionPrimitive.h" />
    <ClInclude Include="CollisionTypes.h" />
    <ClInclude Include="DebugCamera.h" />
    <ClInclude Include="DebugText.h" />
    <ClInclude Include="DirectXCommon.h" />
    <ClInclude Include="Easing.h" />
    <ClInclude Include="EffecseerInput.h" />
    <ClInclude Include="Effects.h" />
    <ClInclude Include="Enemy.h" />
    <ClInclude Include="FbxLoader.h" />
    <ClInclude Include="FbxModel.h" />
    <ClInclude Include="FbxObject3d.h" />
    <ClInclude Include="GameScene.h" />
    <ClInclude Include="Input.h" />
    <ClInclude Include="Light.h" />
    <ClInclude Include="Object3dModel.h" />
    <ClInclude Include="Object3d.h" />
    <ClInclude Include="Over.h" />
    <ClInclude Include="ParticleManager.h" />
    <ClInclude Include="Player.h" />
    <ClInclude Include="PlayerBullet.h" />
    <ClInclude Include="PostEffect.h" />
    <ClInclude Include="SceneManegar.h" />
    <ClInclude Include="Skill.h" />
    <ClInclude Include="SphereCollider.h" />
    <ClInclude Include="Sprite.h" />
    <ClInclude Include="Sword.h" />
    <ClInclude Include="Title.h" />
    <ClInclude Include="WinApp.h" />
  </ItemGroup>
  <ItemGroup>
    <None Include="Resource\shaders\Depth.hlsli" />
    <None Include="Resource\shaders\FBX.hlsli" />
    <None Include="Resource\shaders\Gaussian.hlsli" />
    <None Include="Resource\shaders\Header.hlsli" />
    <None Include="Resource\shaders\monochrome.hlsli" />
    <None Include="Resource\shaders\mosaic.hlsli" />
    <None Include="Resource\shaders\negapozi.hlsli" />
    <None Include="Resource\shaders\noize.hlsli" />
    <None Include="Resource\shaders\OBJShaderHeader.hlsli" />
    <None Include="Resource\shaders\OBJ_Light.hlsli" />
    <None Include="Resource\shaders\Particle.hlsli" />
    <None Include="Resource\shaders\PostEffect.hlsli" />
    <None Include="Resource\shaders\RGBShift.hlsli" />
    <None Include="Resource\shaders\scanNoise.hlsli" />
    <None Include="Resource\shaders\sepia.hlsli" />
    <None Include="Resource\shaders\Sprite.hlsli" />
    <None Include="Resource\shaders\Toon.hlsli" />
    <None Include="Resource\shaders\Vignette.hlsli" />
    <None Include="Resource\shaders\WhiteNoize.hlsli" />
    <None Include="Resource\shaders\bloom.hlsli">
      <Filter>hlsl</Filter>
    </None>
  </ItemGroup>
  <ItemGroup>
    <Filter Include="hlsl">
      <UniqueIdentifier>{c273ac28-e53d-4b1e-a014-4c76f2f9984d}</UniqueIdentifier>
    </Filter>
  </ItemGroup>
</Project>