
Microsoft Visual Studio Solution File, Format Version 12.00
# Visual Studio Version 17
Project("{2150E333-8FDC-42A3-9474-1A3956D46DE8}") = "CMakePredefinedTargets", "CMakePredefinedTargets", "{727BE674-6F04-3F37-9858-3AF96DFE8D65}"
EndProject
Project("{2150E333-8FDC-42A3-9474-1A3956D46DE8}") = "Libraries", "Libraries", "{C31C2A49-8AC2-388C-90E0-095A7124DE24}"
EndProject
Project("{2150E333-8FDC-42A3-9474-1A3956D46DE8}") = "Thirdparty", "Thirdparty", "{2288A441-4398-39BD-9780-2AB6739F9507}"
EndProject
Project("{8BC9CEB8-8B4A-11D0-8D11-00A0C91BC942}") = "ALL_BUILD", "ALL_BUILD.vcxproj", "{776109A3-0CEA-303F-A061-C59CAFE94168}"
	ProjectSection(ProjectDependencies) = postProject
		{8795BA25-C430-3374-B330-0157D633968A} = {8795BA25-C430-3374-B330-0157D633968A}
		{4D6EA188-DE27-3FFA-99BE-7519B662A3CE} = {4D6EA188-DE27-3FFA-99BE-7519B662A3CE}
	EndProjectSection
EndProject
Project("{8BC9CEB8-8B4A-11D0-8D11-00A0C91BC942}") = "Effekseer", "..\Effekseer\Effekseer.vcxproj", "{4D3037BF-F9FA-3B58-8DDE-FA0CE2725618}"
	ProjectSection(ProjectDependencies) = postProject
		{4D6EA188-DE27-3FFA-99BE-7519B662A3CE} = {4D6EA188-DE27-3FFA-99BE-7519B662A3CE}
	EndProjectSection
EndProject
Project("{8BC9CEB8-8B4A-11D0-8D11-00A0C91BC942}") = "EffekseerRendererDX12", "EffekseerRendererDX12.vcxproj", "{8795BA25-C430-3374-B330-0157D633968A}"
	ProjectSection(ProjectDependencies) = postProject
		{4D3037BF-F9FA-3B58-8DDE-FA0CE2725618} = {4D3037BF-F9FA-3B58-8DDE-FA0CE2725618}
		{5396308B-395B-3A17-A043-AD25E278B711} = {5396308B-395B-3A17-A043-AD25E278B711}
		{4D6EA188-DE27-3FFA-99BE-7519B662A3CE} = {4D6EA188-DE27-3FFA-99BE-7519B662A3CE}
	EndProjectSection
EndProject
Project("{8BC9CEB8-8B4A-11D0-8D11-00A0C91BC942}") = "INSTALL", "INSTALL.vcxproj", "{80676F17-3071-3C49-8B5B-35B0085934BF}"
	ProjectSection(ProjectDependencies) = postProject
		{776109A3-0CEA-303F-A061-C59CAFE94168} = {776109A3-0CEA-303F-A061-C59CAFE94168}
		{4D6EA188-DE27-3FFA-99BE-7519B662A3CE} = {4D6EA188-DE27-3FFA-99BE-7519B662A3CE}
	EndProjectSection
EndProject
Project("{8BC9CEB8-8B4A-11D0-8D11-00A0C91BC942}") = "LLGI", "..\3rdParty\LLGI\src\LLGI.vcxproj", "{5396308B-395B-3A17-A043-AD25E278B711}"
	ProjectSection(ProjectDependencies) = postProject
		{4D6EA188-DE27-3FFA-99BE-7519B662A3CE} = {4D6EA188-DE27-3FFA-99BE-7519B662A3CE}
	EndProjectSection
EndProject
Project("{8BC9CEB8-8B4A-11D0-8D11-00A0C91BC942}") = "ZERO_CHECK", "..\..\..\\ZERO_CHECK.vcxproj", "{4D6EA188-DE27-3FFA-99BE-7519B662A3CE}"
	ProjectSection(ProjectDependencies) = postProject
	EndProjectSection
EndProject
Global
	GlobalSection(SolutionConfigurationPlatforms) = preSolution
		Debug|x64 = Debug|x64
		Release|x64 = Release|x64
		MinSizeRel|x64 = MinSizeRel|x64
		RelWithDebInfo|x64 = RelWithDebInfo|x64
	EndGlobalSection
	GlobalSection(ProjectConfigurationPlatforms) = postSolution
		{776109A3-0CEA-303F-A061-C59CAFE94168}.Debug|x64.ActiveCfg = Debug|x64
		{776109A3-0CEA-303F-A061-C59CAFE94168}.Debug|x64.Build.0 = Debug|x64
		{776109A3-0CEA-303F-A061-C59CAFE94168}.Release|x64.ActiveCfg = Release|x64
		{776109A3-0CEA-303F-A061-C59CAFE94168}.Release|x64.Build.0 = Release|x64
		{776109A3-0CEA-303F-A061-C59CAFE94168}.MinSizeRel|x64.ActiveCfg = MinSizeRel|x64
		{776109A3-0CEA-303F-A061-C59CAFE94168}.MinSizeRel|x64.Build.0 = MinSizeRel|x64
		{776109A3-0CEA-303F-A061-C59CAFE94168}.RelWithDebInfo|x64.ActiveCfg = RelWithDebInfo|x64
		{776109A3-0CEA-303F-A061-C59CAFE94168}.RelWithDebInfo|x64.Build.0 = RelWithDebInfo|x64
		{4D3037BF-F9FA-3B58-8DDE-FA0CE2725618}.Debug|x64.ActiveCfg = Debug|x64
		{4D3037BF-F9FA-3B58-8DDE-FA0CE2725618}.Debug|x64.Build.0 = Debug|x64
		{4D3037BF-F9FA-3B58-8DDE-FA0CE2725618}.Release|x64.ActiveCfg = Release|x64
		{4D3037BF-F9FA-3B58-8DDE-FA0CE2725618}.Release|x64.Build.0 = Release|x64
		{4D3037BF-F9FA-3B58-8DDE-FA0CE2725618}.MinSizeRel|x64.ActiveCfg = MinSizeRel|x64
		{4D3037BF-F9FA-3B58-8DDE-FA0CE2725618}.MinSizeRel|x64.Build.0 = MinSizeRel|x64
		{4D3037BF-F9FA-3B58-8DDE-FA0CE2725618}.RelWithDebInfo|x64.ActiveCfg = RelWithDebInfo|x64
		{4D3037BF-F9FA-3B58-8DDE-FA0CE2725618}.RelWithDebInfo|x64.Build.0 = RelWithDebInfo|x64
		{8795BA25-C430-3374-B330-0157D633968A}.Debug|x64.ActiveCfg = Debug|x64
		{8795BA25-C430-3374-B330-0157D633968A}.Debug|x64.Build.0 = Debug|x64
		{8795BA25-C430-3374-B330-0157D633968A}.Release|x64.ActiveCfg = Release|x64
		{8795BA25-C430-3374-B330-0157D633968A}.Release|x64.Build.0 = Release|x64
		{8795BA25-C430-3374-B330-0157D633968A}.MinSizeRel|x64.ActiveCfg = MinSizeRel|x64
		{8795BA25-C430-3374-B330-0157D633968A}.MinSizeRel|x64.Build.0 = MinSizeRel|x64
		{8795BA25-C430-3374-B330-0157D633968A}.RelWithDebInfo|x64.ActiveCfg = RelWithDebInfo|x64
		{8795BA25-C430-3374-B330-0157D633968A}.RelWithDebInfo|x64.Build.0 = RelWithDebInfo|x64
		{80676F17-3071-3C49-8B5B-35B0085934BF}.Debug|x64.ActiveCfg = Debug|x64
		{80676F17-3071-3C49-8B5B-35B0085934BF}.Release|x64.ActiveCfg = Release|x64
		{80676F17-3071-3C49-8B5B-35B0085934BF}.MinSizeRel|x64.ActiveCfg = MinSizeRel|x64
		{80676F17-3071-3C49-8B5B-35B0085934BF}.RelWithDebInfo|x64.ActiveCfg = RelWithDebInfo|x64
		{5396308B-395B-3A17-A043-AD25E278B711}.Debug|x64.ActiveCfg = Debug|x64
		{5396308B-395B-3A17-A043-AD25E278B711}.Debug|x64.Build.0 = Debug|x64
		{5396308B-395B-3A17-A043-AD25E278B711}.Release|x64.ActiveCfg = Release|x64
		{5396308B-395B-3A17-A043-AD25E278B711}.Release|x64.Build.0 = Release|x64
		{5396308B-395B-3A17-A043-AD25E278B711}.MinSizeRel|x64.ActiveCfg = MinSizeRel|x64
		{5396308B-395B-3A17-A043-AD25E278B711}.MinSizeRel|x64.Build.0 = MinSizeRel|x64
		{5396308B-395B-3A17-A043-AD25E278B711}.RelWithDebInfo|x64.ActiveCfg = RelWithDebInfo|x64
		{5396308B-395B-3A17-A043-AD25E278B711}.RelWithDebInfo|x64.Build.0 = RelWithDebInfo|x64
		{4D6EA188-DE27-3FFA-99BE-7519B662A3CE}.Debug|x64.ActiveCfg = Debug|x64
		{4D6EA188-DE27-3FFA-99BE-7519B662A3CE}.Debug|x64.Build.0 = Debug|x64
		{4D6EA188-DE27-3FFA-99BE-7519B662A3CE}.Release|x64.ActiveCfg = Release|x64
		{4D6EA188-DE27-3FFA-99BE-7519B662A3CE}.Release|x64.Build.0 = Release|x64
		{4D6EA188-DE27-3FFA-99BE-7519B662A3CE}.MinSizeRel|x64.ActiveCfg = MinSizeRel|x64
		{4D6EA188-DE27-3FFA-99BE-7519B662A3CE}.MinSizeRel|x64.Build.0 = MinSizeRel|x64
		{4D6EA188-DE27-3FFA-99BE-7519B662A3CE}.RelWithDebInfo|x64.ActiveCfg = RelWithDebInfo|x64
		{4D6EA188-DE27-3FFA-99BE-7519B662A3CE}.RelWithDebInfo|x64.Build.0 = RelWithDebInfo|x64
	EndGlobalSection
	GlobalSection(NestedProjects) = preSolution
		{776109A3-0CEA-303F-A061-C59CAFE94168} = {727BE674-6F04-3F37-9858-3AF96DFE8D65}
		{80676F17-3071-3C49-8B5B-35B0085934BF} = {727BE674-6F04-3F37-9858-3AF96DFE8D65}
		{4D6EA188-DE27-3FFA-99BE-7519B662A3CE} = {727BE674-6F04-3F37-9858-3AF96DFE8D65}
		{4D3037BF-F9FA-3B58-8DDE-FA0CE2725618} = {C31C2A49-8AC2-388C-90E0-095A7124DE24}
		{8795BA25-C430-3374-B330-0157D633968A} = {C31C2A49-8AC2-388C-90E0-095A7124DE24}
		{5396308B-395B-3A17-A043-AD25E278B711} = {2288A441-4398-39BD-9780-2AB6739F9507}
	EndGlobalSection
	GlobalSection(ExtensibilityGlobals) = postSolution
		SolutionGuid = {00ED078B-9B07-3BB4-A5C5-7FFEF9D0E37C}
	EndGlobalSection
	GlobalSection(ExtensibilityAddIns) = postSolution
	EndGlobalSection
EndGlobal
