<?xml version="1.0" encoding="utf-8"?>
<Project ToolsVersion="17.0" xmlns="http://schemas.microsoft.com/developer/msbuild/2003">
  <ItemGroup>
    <CustomBuild Include="C:\K020G1385\CG4\CG4_1\Effect\Effekseer\CMakeFiles\e53f21f5bdeb452b41b2e0ad1c83d8ad\INSTALL_force.rule">
      <Filter>CMake Rules</Filter>
    </CustomBuild>
  </ItemGroup>
  <ItemGroup>
    <Filter Include="CMake Rules">
      <UniqueIdentifier>{C4012CF0-6094-3379-B5DD-2FA28E555229}</UniqueIdentifier>
    </Filter>
  </ItemGroup>
</Project>
