<?xml version="1.0" encoding="utf-8"?>
<Project ToolsVersion="17.0" xmlns="http://schemas.microsoft.com/developer/msbuild/2003">
  <ItemGroup>
    <ClCompile Include="C:\K020G1385\CG4\CG4_1\Effect\Effekseer\Dev\Cpp\Effekseer\Effekseer\Effekseer.Color.cpp">
      <Filter>Effekseer</Filter>
    </ClCompile>
    <ClCompile Include="C:\K020G1385\CG4\CG4_1\Effect\Effekseer\Dev\Cpp\Effekseer\Effekseer\Effekseer.CurveLoader.cpp">
      <Filter>Effekseer</Filter>
    </ClCompile>
    <ClCompile Include="C:\K020G1385\CG4\CG4_1\Effect\Effekseer\Dev\Cpp\Effekseer\Effekseer\Effekseer.DefaultEffectLoader.cpp">
      <Filter>Effekseer</Filter>
    </ClCompile>
    <ClCompile Include="C:\K020G1385\CG4\CG4_1\Effect\Effekseer\Dev\Cpp\Effekseer\Effekseer\Effekseer.DefaultFile.cpp">
      <Filter>Effekseer</Filter>
    </ClCompile>
    <ClCompile Include="C:\K020G1385\CG4\CG4_1\Effect\Effekseer\Dev\Cpp\Effekseer\Effekseer\Effekseer.Effect.cpp">
      <Filter>Effekseer</Filter>
    </ClCompile>
    <ClCompile Include="C:\K020G1385\CG4\CG4_1\Effect\Effekseer\Dev\Cpp\Effekseer\Effekseer\Effekseer.EffectNode.cpp">
      <Filter>Effekseer</Filter>
    </ClCompile>
    <ClCompile Include="C:\K020G1385\CG4\CG4_1\Effect\Effekseer\Dev\Cpp\Effekseer\Effekseer\Effekseer.EffectNodeModel.cpp">
      <Filter>Effekseer</Filter>
    </ClCompile>
    <ClCompile Include="C:\K020G1385\CG4\CG4_1\Effect\Effekseer\Dev\Cpp\Effekseer\Effekseer\Effekseer.EffectNodeRibbon.cpp">
      <Filter>Effekseer</Filter>
    </ClCompile>
    <ClCompile Include="C:\K020G1385\CG4\CG4_1\Effect\Effekseer\Dev\Cpp\Effekseer\Effekseer\Effekseer.EffectNodeRing.cpp">
      <Filter>Effekseer</Filter>
    </ClCompile>
    <ClCompile Include="C:\K020G1385\CG4\CG4_1\Effect\Effekseer\Dev\Cpp\Effekseer\Effekseer\Effekseer.EffectNodeRoot.cpp">
      <Filter>Effekseer</Filter>
    </ClCompile>
    <ClCompile Include="C:\K020G1385\CG4\CG4_1\Effect\Effekseer\Dev\Cpp\Effekseer\Effekseer\Effekseer.EffectNodeSprite.cpp">
      <Filter>Effekseer</Filter>
    </ClCompile>
    <ClCompile Include="C:\K020G1385\CG4\CG4_1\Effect\Effekseer\Dev\Cpp\Effekseer\Effekseer\Effekseer.EffectNodeTrack.cpp">
      <Filter>Effekseer</Filter>
    </ClCompile>
    <ClCompile Include="C:\K020G1385\CG4\CG4_1\Effect\Effekseer\Dev\Cpp\Effekseer\Effekseer\Effekseer.FCurves.cpp">
      <Filter>Effekseer</Filter>
    </ClCompile>
    <ClCompile Include="C:\K020G1385\CG4\CG4_1\Effect\Effekseer\Dev\Cpp\Effekseer\Effekseer\Effekseer.Instance.cpp">
      <Filter>Effekseer</Filter>
    </ClCompile>
    <ClCompile Include="C:\K020G1385\CG4\CG4_1\Effect\Effekseer\Dev\Cpp\Effekseer\Effekseer\Effekseer.InstanceChunk.cpp">
      <Filter>Effekseer</Filter>
    </ClCompile>
    <ClCompile Include="C:\K020G1385\CG4\CG4_1\Effect\Effekseer\Dev\Cpp\Effekseer\Effekseer\Effekseer.InstanceContainer.cpp">
      <Filter>Effekseer</Filter>
    </ClCompile>
    <ClCompile Include="C:\K020G1385\CG4\CG4_1\Effect\Effekseer\Dev\Cpp\Effekseer\Effekseer\Effekseer.InstanceGlobal.cpp">
      <Filter>Effekseer</Filter>
    </ClCompile>
    <ClCompile Include="C:\K020G1385\CG4\CG4_1\Effect\Effekseer\Dev\Cpp\Effekseer\Effekseer\Effekseer.InstanceGroup.cpp">
      <Filter>Effekseer</Filter>
    </ClCompile>
    <ClCompile Include="C:\K020G1385\CG4\CG4_1\Effect\Effekseer\Dev\Cpp\Effekseer\Effekseer\Effekseer.InternalScript.cpp">
      <Filter>Effekseer</Filter>
    </ClCompile>
    <ClCompile Include="C:\K020G1385\CG4\CG4_1\Effect\Effekseer\Dev\Cpp\Effekseer\Effekseer\Effekseer.Manager.cpp">
      <Filter>Effekseer</Filter>
    </ClCompile>
    <ClCompile Include="C:\K020G1385\CG4\CG4_1\Effect\Effekseer\Dev\Cpp\Effekseer\Effekseer\Effekseer.Matrix43.cpp">
      <Filter>Effekseer</Filter>
    </ClCompile>
    <ClCompile Include="C:\K020G1385\CG4\CG4_1\Effect\Effekseer\Dev\Cpp\Effekseer\Effekseer\Effekseer.Matrix44.cpp">
      <Filter>Effekseer</Filter>
    </ClCompile>
    <ClCompile Include="C:\K020G1385\CG4\CG4_1\Effect\Effekseer\Dev\Cpp\Effekseer\Effekseer\Effekseer.Random.cpp">
      <Filter>Effekseer</Filter>
    </ClCompile>
    <ClCompile Include="C:\K020G1385\CG4\CG4_1\Effect\Effekseer\Dev\Cpp\Effekseer\Effekseer\Effekseer.RectF.cpp">
      <Filter>Effekseer</Filter>
    </ClCompile>
    <ClCompile Include="C:\K020G1385\CG4\CG4_1\Effect\Effekseer\Dev\Cpp\Effekseer\Effekseer\Effekseer.Resource.cpp">
      <Filter>Effekseer</Filter>
    </ClCompile>
    <ClCompile Include="C:\K020G1385\CG4\CG4_1\Effect\Effekseer\Dev\Cpp\Effekseer\Effekseer\Effekseer.ResourceManager.cpp">
      <Filter>Effekseer</Filter>
    </ClCompile>
    <ClCompile Include="C:\K020G1385\CG4\CG4_1\Effect\Effekseer\Dev\Cpp\Effekseer\Effekseer\Effekseer.Setting.cpp">
      <Filter>Effekseer</Filter>
    </ClCompile>
    <ClCompile Include="C:\K020G1385\CG4\CG4_1\Effect\Effekseer\Dev\Cpp\Effekseer\Effekseer\Effekseer.Vector2D.cpp">
      <Filter>Effekseer</Filter>
    </ClCompile>
    <ClCompile Include="C:\K020G1385\CG4\CG4_1\Effect\Effekseer\Dev\Cpp\Effekseer\Effekseer\Effekseer.Vector3D.cpp">
      <Filter>Effekseer</Filter>
    </ClCompile>
    <ClCompile Include="C:\K020G1385\CG4\CG4_1\Effect\Effekseer\Dev\Cpp\Effekseer\Effekseer\Effekseer.WorkerThread.cpp">
      <Filter>Effekseer</Filter>
    </ClCompile>
    <ClCompile Include="C:\K020G1385\CG4\CG4_1\Effect\Effekseer\Dev\Cpp\Effekseer\Effekseer\Material\Effekseer.MaterialFile.cpp">
      <Filter>Effekseer\Material</Filter>
    </ClCompile>
    <ClCompile Include="C:\K020G1385\CG4\CG4_1\Effect\Effekseer\Dev\Cpp\Effekseer\Effekseer\Material\Effekseer.CompiledMaterial.cpp">
      <Filter>Effekseer\Material</Filter>
    </ClCompile>
    <ClCompile Include="C:\K020G1385\CG4\CG4_1\Effect\Effekseer\Dev\Cpp\Effekseer\Effekseer\Material\Effekseer.MaterialCompiler.cpp">
      <Filter>Effekseer\Material</Filter>
    </ClCompile>
    <ClCompile Include="C:\K020G1385\CG4\CG4_1\Effect\Effekseer\Dev\Cpp\Effekseer\Effekseer\IO\Effekseer.EfkEfcFactory.cpp">
      <Filter>Effekseer\IO</Filter>
    </ClCompile>
    <ClCompile Include="C:\K020G1385\CG4\CG4_1\Effect\Effekseer\Dev\Cpp\Effekseer\Effekseer\Parameter\Easing.cpp">
      <Filter>Effekseer\Parameter</Filter>
    </ClCompile>
    <ClCompile Include="C:\K020G1385\CG4\CG4_1\Effect\Effekseer\Dev\Cpp\Effekseer\Effekseer\Parameter\Effekseer.Parameters.cpp">
      <Filter>Effekseer\Parameter</Filter>
    </ClCompile>
    <ClCompile Include="C:\K020G1385\CG4\CG4_1\Effect\Effekseer\Dev\Cpp\Effekseer\Effekseer\Parameter\Rotation.cpp">
      <Filter>Effekseer\Parameter</Filter>
    </ClCompile>
    <ClCompile Include="C:\K020G1385\CG4\CG4_1\Effect\Effekseer\Dev\Cpp\Effekseer\Effekseer\Utils\Effekseer.CustomAllocator.cpp">
      <Filter>Effekseer\Utils</Filter>
    </ClCompile>
    <ClCompile Include="C:\K020G1385\CG4\CG4_1\Effect\Effekseer\Dev\Cpp\Effekseer\Effekseer\SIMD\Mat43f.cpp">
      <Filter>Effekseer\SIMD</Filter>
    </ClCompile>
    <ClCompile Include="C:\K020G1385\CG4\CG4_1\Effect\Effekseer\Dev\Cpp\Effekseer\Effekseer\SIMD\Mat44f.cpp">
      <Filter>Effekseer\SIMD</Filter>
    </ClCompile>
    <ClCompile Include="C:\K020G1385\CG4\CG4_1\Effect\Effekseer\Dev\Cpp\Effekseer\Effekseer\SIMD\Utils.cpp">
      <Filter>Effekseer\SIMD</Filter>
    </ClCompile>
    <ClCompile Include="C:\K020G1385\CG4\CG4_1\Effect\Effekseer\Dev\Cpp\Effekseer\Effekseer\Noise\CurlNoise.cpp">
      <Filter>Effekseer\Noise</Filter>
    </ClCompile>
    <ClCompile Include="C:\K020G1385\CG4\CG4_1\Effect\Effekseer\Dev\Cpp\Effekseer\Effekseer\ForceField\ForceFields.cpp">
      <Filter>Effekseer\ForceField</Filter>
    </ClCompile>
    <ClCompile Include="C:\K020G1385\CG4\CG4_1\Effect\Effekseer\Dev\Cpp\Effekseer\Effekseer\Model\ProceduralModelGenerator.cpp">
      <Filter>Effekseer\Model</Filter>
    </ClCompile>
    <ClCompile Include="C:\K020G1385\CG4\CG4_1\Effect\Effekseer\Dev\Cpp\Effekseer\Effekseer\Model\Model.cpp">
      <Filter>Effekseer\Model</Filter>
    </ClCompile>
    <ClCompile Include="C:\K020G1385\CG4\CG4_1\Effect\Effekseer\Dev\Cpp\Effekseer\Effekseer\Model\ModelLoader.cpp">
      <Filter>Effekseer\Model</Filter>
    </ClCompile>
    <ClCompile Include="C:\K020G1385\CG4\CG4_1\Effect\Effekseer\Dev\Cpp\Effekseer\Effekseer\Model\SplineGenerator.cpp">
      <Filter>Effekseer\Model</Filter>
    </ClCompile>
    <ClCompile Include="C:\K020G1385\CG4\CG4_1\Effect\Effekseer\Dev\Cpp\Effekseer\Effekseer\Network\Effekseer.Client.cpp">
      <Filter>Effekseer\Network</Filter>
    </ClCompile>
    <ClCompile Include="C:\K020G1385\CG4\CG4_1\Effect\Effekseer\Dev\Cpp\Effekseer\Effekseer\Network\Effekseer.Server.cpp">
      <Filter>Effekseer\Network</Filter>
    </ClCompile>
    <ClCompile Include="C:\K020G1385\CG4\CG4_1\Effect\Effekseer\Dev\Cpp\Effekseer\Effekseer\Network\Effekseer.Session.cpp">
      <Filter>Effekseer\Network</Filter>
    </ClCompile>
    <ClCompile Include="C:\K020G1385\CG4\CG4_1\Effect\Effekseer\Dev\Cpp\Effekseer\Effekseer\Network\Effekseer.Socket.cpp">
      <Filter>Effekseer\Network</Filter>
    </ClCompile>
  </ItemGroup>
  <ItemGroup>
    <ClInclude Include="C:\K020G1385\CG4\CG4_1\Effect\Effekseer\Dev\Cpp\Effekseer\Effekseer.Modules.h" />
    <ClInclude Include="C:\K020G1385\CG4\CG4_1\Effect\Effekseer\Dev\Cpp\Effekseer\Effekseer.SIMD.h" />
    <ClInclude Include="C:\K020G1385\CG4\CG4_1\Effect\Effekseer\Dev\Cpp\Effekseer\Effekseer.h" />
    <ClInclude Include="C:\K020G1385\CG4\CG4_1\Effect\Effekseer\Dev\Cpp\Effekseer\Effekseer\Backend\GraphicsDevice.h">
      <Filter>Effekseer\Backend</Filter>
    </ClInclude>
    <ClInclude Include="C:\K020G1385\CG4\CG4_1\Effect\Effekseer\Dev\Cpp\Effekseer\Effekseer\Effekseer.Base.Pre.h">
      <Filter>Effekseer</Filter>
    </ClInclude>
    <ClInclude Include="C:\K020G1385\CG4\CG4_1\Effect\Effekseer\Dev\Cpp\Effekseer\Effekseer\Effekseer.Base.h">
      <Filter>Effekseer</Filter>
    </ClInclude>
    <ClInclude Include="C:\K020G1385\CG4\CG4_1\Effect\Effekseer\Dev\Cpp\Effekseer\Effekseer\Effekseer.Color.h">
      <Filter>Effekseer</Filter>
    </ClInclude>
    <ClInclude Include="C:\K020G1385\CG4\CG4_1\Effect\Effekseer\Dev\Cpp\Effekseer\Effekseer\Effekseer.Curve.h">
      <Filter>Effekseer</Filter>
    </ClInclude>
    <ClInclude Include="C:\K020G1385\CG4\CG4_1\Effect\Effekseer\Dev\Cpp\Effekseer\Effekseer\Effekseer.CurveLoader.h">
      <Filter>Effekseer</Filter>
    </ClInclude>
    <ClInclude Include="C:\K020G1385\CG4\CG4_1\Effect\Effekseer\Dev\Cpp\Effekseer\Effekseer\Effekseer.DefaultEffectLoader.h">
      <Filter>Effekseer</Filter>
    </ClInclude>
    <ClInclude Include="C:\K020G1385\CG4\CG4_1\Effect\Effekseer\Dev\Cpp\Effekseer\Effekseer\Effekseer.DefaultFile.h">
      <Filter>Effekseer</Filter>
    </ClInclude>
    <ClInclude Include="C:\K020G1385\CG4\CG4_1\Effect\Effekseer\Dev\Cpp\Effekseer\Effekseer\Effekseer.Effect.h">
      <Filter>Effekseer</Filter>
    </ClInclude>
    <ClInclude Include="C:\K020G1385\CG4\CG4_1\Effect\Effekseer\Dev\Cpp\Effekseer\Effekseer\Effekseer.EffectImplemented.h">
      <Filter>Effekseer</Filter>
    </ClInclude>
    <ClInclude Include="C:\K020G1385\CG4\CG4_1\Effect\Effekseer\Dev\Cpp\Effekseer\Effekseer\Effekseer.EffectLoader.h">
      <Filter>Effekseer</Filter>
    </ClInclude>
    <ClInclude Include="C:\K020G1385\CG4\CG4_1\Effect\Effekseer\Dev\Cpp\Effekseer\Effekseer\Effekseer.EffectNode.h">
      <Filter>Effekseer</Filter>
    </ClInclude>
    <ClInclude Include="C:\K020G1385\CG4\CG4_1\Effect\Effekseer\Dev\Cpp\Effekseer\Effekseer\Effekseer.EffectNodeModel.h">
      <Filter>Effekseer</Filter>
    </ClInclude>
    <ClInclude Include="C:\K020G1385\CG4\CG4_1\Effect\Effekseer\Dev\Cpp\Effekseer\Effekseer\Effekseer.EffectNodeRibbon.h">
      <Filter>Effekseer</Filter>
    </ClInclude>
    <ClInclude Include="C:\K020G1385\CG4\CG4_1\Effect\Effekseer\Dev\Cpp\Effekseer\Effekseer\Effekseer.EffectNodeRing.h">
      <Filter>Effekseer</Filter>
    </ClInclude>
    <ClInclude Include="C:\K020G1385\CG4\CG4_1\Effect\Effekseer\Dev\Cpp\Effekseer\Effekseer\Effekseer.EffectNodeRoot.h">
      <Filter>Effekseer</Filter>
    </ClInclude>
    <ClInclude Include="C:\K020G1385\CG4\CG4_1\Effect\Effekseer\Dev\Cpp\Effekseer\Effekseer\Effekseer.EffectNodeSprite.h">
      <Filter>Effekseer</Filter>
    </ClInclude>
    <ClInclude Include="C:\K020G1385\CG4\CG4_1\Effect\Effekseer\Dev\Cpp\Effekseer\Effekseer\Effekseer.EffectNodeTrack.h">
      <Filter>Effekseer</Filter>
    </ClInclude>
    <ClInclude Include="C:\K020G1385\CG4\CG4_1\Effect\Effekseer\Dev\Cpp\Effekseer\Effekseer\Effekseer.FCurves.h">
      <Filter>Effekseer</Filter>
    </ClInclude>
    <ClInclude Include="C:\K020G1385\CG4\CG4_1\Effect\Effekseer\Dev\Cpp\Effekseer\Effekseer\Effekseer.File.h">
      <Filter>Effekseer</Filter>
    </ClInclude>
    <ClInclude Include="C:\K020G1385\CG4\CG4_1\Effect\Effekseer\Dev\Cpp\Effekseer\Effekseer\Effekseer.Instance.h">
      <Filter>Effekseer</Filter>
    </ClInclude>
    <ClInclude Include="C:\K020G1385\CG4\CG4_1\Effect\Effekseer\Dev\Cpp\Effekseer\Effekseer\Effekseer.InstanceChunk.h">
      <Filter>Effekseer</Filter>
    </ClInclude>
    <ClInclude Include="C:\K020G1385\CG4\CG4_1\Effect\Effekseer\Dev\Cpp\Effekseer\Effekseer\Effekseer.InstanceContainer.h">
      <Filter>Effekseer</Filter>
    </ClInclude>
    <ClInclude Include="C:\K020G1385\CG4\CG4_1\Effect\Effekseer\Dev\Cpp\Effekseer\Effekseer\Effekseer.InstanceGlobal.h">
      <Filter>Effekseer</Filter>
    </ClInclude>
    <ClInclude Include="C:\K020G1385\CG4\CG4_1\Effect\Effekseer\Dev\Cpp\Effekseer\Effekseer\Effekseer.InstanceGroup.h">
      <Filter>Effekseer</Filter>
    </ClInclude>
    <ClInclude Include="C:\K020G1385\CG4\CG4_1\Effect\Effekseer\Dev\Cpp\Effekseer\Effekseer\Effekseer.InternalScript.h">
      <Filter>Effekseer</Filter>
    </ClInclude>
    <ClInclude Include="C:\K020G1385\CG4\CG4_1\Effect\Effekseer\Dev\Cpp\Effekseer\Effekseer\Effekseer.InternalStruct.h">
      <Filter>Effekseer</Filter>
    </ClInclude>
    <ClInclude Include="C:\K020G1385\CG4\CG4_1\Effect\Effekseer\Dev\Cpp\Effekseer\Effekseer\Effekseer.IntrusiveList.h">
      <Filter>Effekseer</Filter>
    </ClInclude>
    <ClInclude Include="C:\K020G1385\CG4\CG4_1\Effect\Effekseer\Dev\Cpp\Effekseer\Effekseer\Effekseer.Manager.h">
      <Filter>Effekseer</Filter>
    </ClInclude>
    <ClInclude Include="C:\K020G1385\CG4\CG4_1\Effect\Effekseer\Dev\Cpp\Effekseer\Effekseer\Effekseer.ManagerImplemented.h">
      <Filter>Effekseer</Filter>
    </ClInclude>
    <ClInclude Include="C:\K020G1385\CG4\CG4_1\Effect\Effekseer\Dev\Cpp\Effekseer\Effekseer\Effekseer.MaterialLoader.h">
      <Filter>Effekseer</Filter>
    </ClInclude>
    <ClInclude Include="C:\K020G1385\CG4\CG4_1\Effect\Effekseer\Dev\Cpp\Effekseer\Effekseer\Effekseer.Math.h">
      <Filter>Effekseer</Filter>
    </ClInclude>
    <ClInclude Include="C:\K020G1385\CG4\CG4_1\Effect\Effekseer\Dev\Cpp\Effekseer\Effekseer\Effekseer.Matrix43.h">
      <Filter>Effekseer</Filter>
    </ClInclude>
    <ClInclude Include="C:\K020G1385\CG4\CG4_1\Effect\Effekseer\Dev\Cpp\Effekseer\Effekseer\Effekseer.Matrix44.h">
      <Filter>Effekseer</Filter>
    </ClInclude>
    <ClInclude Include="C:\K020G1385\CG4\CG4_1\Effect\Effekseer\Dev\Cpp\Effekseer\Effekseer\Effekseer.Random.h">
      <Filter>Effekseer</Filter>
    </ClInclude>
    <ClInclude Include="C:\K020G1385\CG4\CG4_1\Effect\Effekseer\Dev\Cpp\Effekseer\Effekseer\Effekseer.RectF.h">
      <Filter>Effekseer</Filter>
    </ClInclude>
    <ClInclude Include="C:\K020G1385\CG4\CG4_1\Effect\Effekseer\Dev\Cpp\Effekseer\Effekseer\Effekseer.Resource.h">
      <Filter>Effekseer</Filter>
    </ClInclude>
    <ClInclude Include="C:\K020G1385\CG4\CG4_1\Effect\Effekseer\Dev\Cpp\Effekseer\Effekseer\Effekseer.ResourceManager.h">
      <Filter>Effekseer</Filter>
    </ClInclude>
    <ClInclude Include="C:\K020G1385\CG4\CG4_1\Effect\Effekseer\Dev\Cpp\Effekseer\Effekseer\Effekseer.Setting.h">
      <Filter>Effekseer</Filter>
    </ClInclude>
    <ClInclude Include="C:\K020G1385\CG4\CG4_1\Effect\Effekseer\Dev\Cpp\Effekseer\Effekseer\Effekseer.SoundLoader.h">
      <Filter>Effekseer</Filter>
    </ClInclude>
    <ClInclude Include="C:\K020G1385\CG4\CG4_1\Effect\Effekseer\Dev\Cpp\Effekseer\Effekseer\Effekseer.TextureLoader.h">
      <Filter>Effekseer</Filter>
    </ClInclude>
    <ClInclude Include="C:\K020G1385\CG4\CG4_1\Effect\Effekseer\Dev\Cpp\Effekseer\Effekseer\Effekseer.Vector2D.h">
      <Filter>Effekseer</Filter>
    </ClInclude>
    <ClInclude Include="C:\K020G1385\CG4\CG4_1\Effect\Effekseer\Dev\Cpp\Effekseer\Effekseer\Effekseer.Vector3D.h">
      <Filter>Effekseer</Filter>
    </ClInclude>
    <ClInclude Include="C:\K020G1385\CG4\CG4_1\Effect\Effekseer\Dev\Cpp\Effekseer\Effekseer\Effekseer.WorkerThread.h">
      <Filter>Effekseer</Filter>
    </ClInclude>
    <ClInclude Include="C:\K020G1385\CG4\CG4_1\Effect\Effekseer\Dev\Cpp\Effekseer\Effekseer\ForceField\ForceFields.h">
      <Filter>Effekseer\ForceField</Filter>
    </ClInclude>
    <ClInclude Include="C:\K020G1385\CG4\CG4_1\Effect\Effekseer\Dev\Cpp\Effekseer\Effekseer\IO\Effekseer.EfkEfcFactory.h">
      <Filter>Effekseer\IO</Filter>
    </ClInclude>
    <ClInclude Include="C:\K020G1385\CG4\CG4_1\Effect\Effekseer\Dev\Cpp\Effekseer\Effekseer\Material\Effekseer.CompiledMaterial.h">
      <Filter>Effekseer\Material</Filter>
    </ClInclude>
    <ClInclude Include="C:\K020G1385\CG4\CG4_1\Effect\Effekseer\Dev\Cpp\Effekseer\Effekseer\Material\Effekseer.MaterialCompiler.h">
      <Filter>Effekseer\Material</Filter>
    </ClInclude>
    <ClInclude Include="C:\K020G1385\CG4\CG4_1\Effect\Effekseer\Dev\Cpp\Effekseer\Effekseer\Material\Effekseer.MaterialFile.h">
      <Filter>Effekseer\Material</Filter>
    </ClInclude>
    <ClInclude Include="C:\K020G1385\CG4\CG4_1\Effect\Effekseer\Dev\Cpp\Effekseer\Effekseer\Model\Model.h">
      <Filter>Effekseer\Model</Filter>
    </ClInclude>
    <ClInclude Include="C:\K020G1385\CG4\CG4_1\Effect\Effekseer\Dev\Cpp\Effekseer\Effekseer\Model\ModelLoader.h">
      <Filter>Effekseer\Model</Filter>
    </ClInclude>
    <ClInclude Include="C:\K020G1385\CG4\CG4_1\Effect\Effekseer\Dev\Cpp\Effekseer\Effekseer\Model\ProceduralModelGenerator.h">
      <Filter>Effekseer\Model</Filter>
    </ClInclude>
    <ClInclude Include="C:\K020G1385\CG4\CG4_1\Effect\Effekseer\Dev\Cpp\Effekseer\Effekseer\Model\ProceduralModelParameter.h">
      <Filter>Effekseer\Model</Filter>
    </ClInclude>
    <ClInclude Include="C:\K020G1385\CG4\CG4_1\Effect\Effekseer\Dev\Cpp\Effekseer\Effekseer\Model\SplineGenerator.h">
      <Filter>Effekseer\Model</Filter>
    </ClInclude>
    <ClInclude Include="C:\K020G1385\CG4\CG4_1\Effect\Effekseer\Dev\Cpp\Effekseer\Effekseer\Network\Effekseer.Client.h">
      <Filter>Effekseer\Network</Filter>
    </ClInclude>
    <ClInclude Include="C:\K020G1385\CG4\CG4_1\Effect\Effekseer\Dev\Cpp\Effekseer\Effekseer\Network\Effekseer.ClientImplemented.h">
      <Filter>Effekseer\Network</Filter>
    </ClInclude>
    <ClInclude Include="C:\K020G1385\CG4\CG4_1\Effect\Effekseer\Dev\Cpp\Effekseer\Effekseer\Network\Effekseer.Server.h">
      <Filter>Effekseer\Network</Filter>
    </ClInclude>
    <ClInclude Include="C:\K020G1385\CG4\CG4_1\Effect\Effekseer\Dev\Cpp\Effekseer\Effekseer\Network\Effekseer.ServerImplemented.h">
      <Filter>Effekseer\Network</Filter>
    </ClInclude>
    <ClInclude Include="C:\K020G1385\CG4\CG4_1\Effect\Effekseer\Dev\Cpp\Effekseer\Effekseer\Network\Effekseer.Session.h">
      <Filter>Effekseer\Network</Filter>
    </ClInclude>
    <ClInclude Include="C:\K020G1385\CG4\CG4_1\Effect\Effekseer\Dev\Cpp\Effekseer\Effekseer\Network\Effekseer.Socket.h">
      <Filter>Effekseer\Network</Filter>
    </ClInclude>
    <ClInclude Include="C:\K020G1385\CG4\CG4_1\Effect\Effekseer\Dev\Cpp\Effekseer\Effekseer\Network\data\reload_generated.h">
      <Filter>Effekseer\Network\data</Filter>
    </ClInclude>
    <ClInclude Include="C:\K020G1385\CG4\CG4_1\Effect\Effekseer\Dev\Cpp\Effekseer\Effekseer\Noise\CurlNoise.h">
      <Filter>Effekseer\Noise</Filter>
    </ClInclude>
    <ClInclude Include="C:\K020G1385\CG4\CG4_1\Effect\Effekseer\Dev\Cpp\Effekseer\Effekseer\Noise\PerlinNoise.h">
      <Filter>Effekseer\Noise</Filter>
    </ClInclude>
    <ClInclude Include="C:\K020G1385\CG4\CG4_1\Effect\Effekseer\Dev\Cpp\Effekseer\Effekseer\Parameter\AllTypeColor.h">
      <Filter>Effekseer\Parameter</Filter>
    </ClInclude>
    <ClInclude Include="C:\K020G1385\CG4\CG4_1\Effect\Effekseer\Dev\Cpp\Effekseer\Effekseer\Parameter\AlphaCutoff.h">
      <Filter>Effekseer\Parameter</Filter>
    </ClInclude>
    <ClInclude Include="C:\K020G1385\CG4\CG4_1\Effect\Effekseer\Dev\Cpp\Effekseer\Effekseer\Parameter\CustomData.h">
      <Filter>Effekseer\Parameter</Filter>
    </ClInclude>
    <ClInclude Include="C:\K020G1385\CG4\CG4_1\Effect\Effekseer\Dev\Cpp\Effekseer\Effekseer\Parameter\DynamicParameter.h">
      <Filter>Effekseer\Parameter</Filter>
    </ClInclude>
    <ClInclude Include="C:\K020G1385\CG4\CG4_1\Effect\Effekseer\Dev\Cpp\Effekseer\Effekseer\Parameter\Easing.h">
      <Filter>Effekseer\Parameter</Filter>
    </ClInclude>
    <ClInclude Include="C:\K020G1385\CG4\CG4_1\Effect\Effekseer\Dev\Cpp\Effekseer\Effekseer\Parameter\Effekseer.Parameters.h">
      <Filter>Effekseer\Parameter</Filter>
    </ClInclude>
    <ClInclude Include="C:\K020G1385\CG4\CG4_1\Effect\Effekseer\Dev\Cpp\Effekseer\Effekseer\Parameter\Rotation.h">
      <Filter>Effekseer\Parameter</Filter>
    </ClInclude>
    <ClInclude Include="C:\K020G1385\CG4\CG4_1\Effect\Effekseer\Dev\Cpp\Effekseer\Effekseer\Parameter\Scaling.h">
      <Filter>Effekseer\Parameter</Filter>
    </ClInclude>
    <ClInclude Include="C:\K020G1385\CG4\CG4_1\Effect\Effekseer\Dev\Cpp\Effekseer\Effekseer\Parameter\SpawnMethod.h">
      <Filter>Effekseer\Parameter</Filter>
    </ClInclude>
    <ClInclude Include="C:\K020G1385\CG4\CG4_1\Effect\Effekseer\Dev\Cpp\Effekseer\Effekseer\Parameter\Translation.h">
      <Filter>Effekseer\Parameter</Filter>
    </ClInclude>
    <ClInclude Include="C:\K020G1385\CG4\CG4_1\Effect\Effekseer\Dev\Cpp\Effekseer\Effekseer\Parameter\UV.h">
      <Filter>Effekseer\Parameter</Filter>
    </ClInclude>
    <ClInclude Include="C:\K020G1385\CG4\CG4_1\Effect\Effekseer\Dev\Cpp\Effekseer\Effekseer\Renderer\Effekseer.ModelRenderer.h">
      <Filter>Effekseer\Renderer</Filter>
    </ClInclude>
    <ClInclude Include="C:\K020G1385\CG4\CG4_1\Effect\Effekseer\Dev\Cpp\Effekseer\Effekseer\Renderer\Effekseer.ParticleRenderer.h">
      <Filter>Effekseer\Renderer</Filter>
    </ClInclude>
    <ClInclude Include="C:\K020G1385\CG4\CG4_1\Effect\Effekseer\Dev\Cpp\Effekseer\Effekseer\Renderer\Effekseer.RibbonRenderer.h">
      <Filter>Effekseer\Renderer</Filter>
    </ClInclude>
    <ClInclude Include="C:\K020G1385\CG4\CG4_1\Effect\Effekseer\Dev\Cpp\Effekseer\Effekseer\Renderer\Effekseer.RingRenderer.h">
      <Filter>Effekseer\Renderer</Filter>
    </ClInclude>
    <ClInclude Include="C:\K020G1385\CG4\CG4_1\Effect\Effekseer\Dev\Cpp\Effekseer\Effekseer\Renderer\Effekseer.SpriteRenderer.h">
      <Filter>Effekseer\Renderer</Filter>
    </ClInclude>
    <ClInclude Include="C:\K020G1385\CG4\CG4_1\Effect\Effekseer\Dev\Cpp\Effekseer\Effekseer\Renderer\Effekseer.TrackRenderer.h">
      <Filter>Effekseer\Renderer</Filter>
    </ClInclude>
    <ClInclude Include="C:\K020G1385\CG4\CG4_1\Effect\Effekseer\Dev\Cpp\Effekseer\Effekseer\Utils\BinaryVersion.h">
      <Filter>Effekseer\Utils</Filter>
    </ClInclude>
    <ClInclude Include="C:\K020G1385\CG4\CG4_1\Effect\Effekseer\Dev\Cpp\Effekseer\Effekseer\Utils\Compatiblity.h">
      <Filter>Effekseer\Utils</Filter>
    </ClInclude>
    <ClInclude Include="C:\K020G1385\CG4\CG4_1\Effect\Effekseer\Dev\Cpp\Effekseer\Effekseer\Utils\Effekseer.BinaryReader.h">
      <Filter>Effekseer\Utils</Filter>
    </ClInclude>
    <ClInclude Include="C:\K020G1385\CG4\CG4_1\Effect\Effekseer\Dev\Cpp\Effekseer\Effekseer\Utils\Effekseer.CustomAllocator.h">
      <Filter>Effekseer\Utils</Filter>
    </ClInclude>
    <ClInclude Include="C:\K020G1385\CG4\CG4_1\Effect\Effekseer\Dev\Cpp\Effekseer\Effekseer\Utils\Profiler.h">
      <Filter>Effekseer\Utils</Filter>
    </ClInclude>
  </ItemGroup>
  <ItemGroup>
    <CustomBuild Include="C:\K020G1385\CG4\CG4_1\Effect\Effekseer\Dev\Cpp\Effekseer\CMakeLists.txt" />
  </ItemGroup>
  <ItemGroup>
    <Filter Include="Effekseer">
      <UniqueIdentifier>{AEA3E81A-89BD-3EF6-9168-CF5A34ACC17D}</UniqueIdentifier>
    </Filter>
    <Filter Include="Effekseer\Backend">
      <UniqueIdentifier>{476E8B87-FD02-3CBD-9F53-9F61250344A5}</UniqueIdentifier>
    </Filter>
    <Filter Include="Effekseer\ForceField">
      <UniqueIdentifier>{A8C122B9-0D28-3491-A132-F50DDD56A340}</UniqueIdentifier>
    </Filter>
    <Filter Include="Effekseer\IO">
      <UniqueIdentifier>{14B1C6B0-8EBC-399C-8533-880D117D1B30}</UniqueIdentifier>
    </Filter>
    <Filter Include="Effekseer\Material">
      <UniqueIdentifier>{5A8B5374-5E95-37DC-B75A-B634209CB692}</UniqueIdentifier>
    </Filter>
    <Filter Include="Effekseer\Model">
      <UniqueIdentifier>{4669F043-9F9C-394D-BFCC-879832939AEC}</UniqueIdentifier>
    </Filter>
    <Filter Include="Effekseer\Network">
      <UniqueIdentifier>{92AF215D-E045-34C9-B9A4-9A7E13231842}</UniqueIdentifier>
    </Filter>
    <Filter Include="Effekseer\Network\data">
      <UniqueIdentifier>{AA92128A-4A77-3B80-878D-9D109911375D}</UniqueIdentifier>
    </Filter>
    <Filter Include="Effekseer\Noise">
      <UniqueIdentifier>{77A791B0-736A-3D92-BBE9-B4083A1092AA}</UniqueIdentifier>
    </Filter>
    <Filter Include="Effekseer\Parameter">
      <UniqueIdentifier>{DDE9FC04-E877-3758-A18D-246F5F2DFD66}</UniqueIdentifier>
    </Filter>
    <Filter Include="Effekseer\Renderer">
      <UniqueIdentifier>{E06D0266-4CC1-33D2-8E07-95F62DBA9FD2}</UniqueIdentifier>
    </Filter>
    <Filter Include="Effekseer\SIMD">
      <UniqueIdentifier>{06C18910-1D50-3722-A1D3-397F258BD7A5}</UniqueIdentifier>
    </Filter>
    <Filter Include="Effekseer\Utils">
      <UniqueIdentifier>{36469612-2B28-3830-ADE1-38CE65C0C77C}</UniqueIdentifier>
    </Filter>
  </ItemGroup>
</Project>
