<?xml version="1.0" encoding="utf-8"?>
<Project ToolsVersion="17.0" xmlns="http://schemas.microsoft.com/developer/msbuild/2003">
  <ItemGroup>
    <CustomBuild Include="C:\K020G1385\CG4\CG4_1\Effect\Effekseer\CMakeFiles\e8f1beca4d94e246165c9a7dbb41f3ba\INSTALL_force.rule">
      <Filter>CMake Rules</Filter>
    </CustomBuild>
  </ItemGroup>
  <ItemGroup>
    <Filter Include="CMake Rules">
      <UniqueIdentifier>{C4012CF0-6094-3379-B5DD-2FA28E555229}</UniqueIdentifier>
    </Filter>
  </ItemGroup>
</Project>
